
Microsoft Visual Studio Solution File, Format Version 12.00
# Visual Studio Version 16
VisualStudioVersion = 16.0.28803.352
MinimumVisualStudioVersion = 10.0.40219.1
Project("{FAE04EC0-301F-11D3-BF4B-00C04F79EFBC}") = "FinalProjectAppliedProgramming", "FinalProjectAppliedProgramming.csproj", "{1FA39340-84A1-4467-952E-6EB82DEF02B5}"
EndProject
Project("{FAE04EC0-301F-11D3-BF4B-00C04F79EFBC}") = "Entidades", "..\BLL\Entidades.csproj", "{D5D7A8C7-EDF5-499C-BAC2-7C9051C49D9C}"
EndProject
Project("{FAE04EC0-301F-11D3-BF4B-00C04F79EFBC}") = "DAL", "..\DAL\DAL.csproj", "{096067F9-DCB7-4CC4-BB48-11820A2914BC}"
EndProject
Project("{FAE04EC0-301F-11D3-BF4B-00C04F79EFBC}") = "BLL", "..\BLL\BLL.csproj", "{16CE652F-3B77-492B-93E1-9BDD65E7D1AE}"
EndProject
Global
	GlobalSection(SolutionConfigurationPlatforms) = preSolution
		Debug|Any CPU = Debug|Any CPU
		Release|Any CPU = Release|Any CPU
	EndGlobalSection
	GlobalSection(ProjectConfigurationPlatforms) = postSolution
		{1FA39340-84A1-4467-952E-6EB82DEF02B5}.Debug|Any CPU.ActiveCfg = Debug|Any CPU
		{1FA39340-84A1-4467-952E-6EB82DEF02B5}.Debug|Any CPU.Build.0 = Debug|Any CPU
		{1FA39340-84A1-4467-952E-6EB82DEF02B5}.Release|Any CPU.ActiveCfg = Release|Any CPU
		{1FA39340-84A1-4467-952E-6EB82DEF02B5}.Release|Any CPU.Build.0 = Release|Any CPU
		{D5D7A8C7-EDF5-499C-BAC2-7C9051C49D9C}.Debug|Any CPU.ActiveCfg = Debug|Any CPU
		{D5D7A8C7-EDF5-499C-BAC2-7C9051C49D9C}.Debug|Any CPU.Build.0 = Debug|Any CPU
		{D5D7A8C7-EDF5-499C-BAC2-7C9051C49D9C}.Release|Any CPU.ActiveCfg = Release|Any CPU
		{D5D7A8C7-EDF5-499C-BAC2-7C9051C49D9C}.Release|Any CPU.Build.0 = Release|Any CPU
		{096067F9-DCB7-4CC4-BB48-11820A2914BC}.Debug|Any CPU.ActiveCfg = Debug|Any CPU
		{096067F9-DCB7-4CC4-BB48-11820A2914BC}.Debug|Any CPU.Build.0 = Debug|Any CPU
		{096067F9-DCB7-4CC4-BB48-11820A2914BC}.Release|Any CPU.ActiveCfg = Release|Any CPU
		{096067F9-DCB7-4CC4-BB48-11820A2914BC}.Release|Any CPU.Build.0 = Release|Any CPU
		{16CE652F-3B77-492B-93E1-9BDD65E7D1AE}.Debug|Any CPU.ActiveCfg = Debug|Any CPU
		{16CE652F-3B77-492B-93E1-9BDD65E7D1AE}.Debug|Any CPU.Build.0 = Debug|Any CPU
		{16CE652F-3B77-492B-93E1-9BDD65E7D1AE}.Release|Any CPU.ActiveCfg = Release|Any CPU
		{16CE652F-3B77-492B-93E1-9BDD65E7D1AE}.Release|Any CPU.Build.0 = Release|Any CPU
	EndGlobalSection
	GlobalSection(SolutionProperties) = preSolution
		HideSolutionNode = FALSE
	EndGlobalSection
	GlobalSection(ExtensibilityGlobals) = postSolution
		SolutionGuid = {BAE952A9-B5EC-433C-A47D-D5FA7FF48C9F}
	EndGlobalSection
EndGlobal
